
Microsoft Visual Studio Solution File, Format Version 12.00
# Visual Studio Version 17
VisualStudioVersion = 17.9.34728.123
MinimumVisualStudioVersion = 10.0.40219.1
Project("{9A19103F-16F7-4668-BE54-9A1E7A4F7556}") = "layerOne", "layerOne.csproj", "{43702032-E07B-40F7-8D73-ADAF15BB441D}"
EndProject
Project("{FAE04EC0-301F-11D3-BF4B-00C04F79EFBC}") = "layerTwo", "..\layerTwo\layerTwo.csproj", "{0CF5D621-4BC7-4789-A4AE-3FA8E964EFC4}"
EndProject
Global
	GlobalSection(SolutionConfigurationPlatforms) = preSolution
		Debug|Any CPU = Debug|Any CPU
		Release|Any CPU = Release|Any CPU
	EndGlobalSection
	GlobalSection(ProjectConfigurationPlatforms) = postSolution
		{43702032-E07B-40F7-8D73-ADAF15BB441D}.Debug|Any CPU.ActiveCfg = Debug|Any CPU
		{43702032-E07B-40F7-8D73-ADAF15BB441D}.Debug|Any CPU.Build.0 = Debug|Any CPU
		{43702032-E07B-40F7-8D73-ADAF15BB441D}.Release|Any CPU.ActiveCfg = Release|Any CPU
		{43702032-E07B-40F7-8D73-ADAF15BB441D}.Release|Any CPU.Build.0 = Release|Any CPU
		{0CF5D621-4BC7-4789-A4AE-3FA8E964EFC4}.Debug|Any CPU.ActiveCfg = Debug|Any CPU
		{0CF5D621-4BC7-4789-A4AE-3FA8E964EFC4}.Debug|Any CPU.Build.0 = Debug|Any CPU
		{0CF5D621-4BC7-4789-A4AE-3FA8E964EFC4}.Release|Any CPU.ActiveCfg = Release|Any CPU
		{0CF5D621-4BC7-4789-A4AE-3FA8E964EFC4}.Release|Any CPU.Build.0 = Release|Any CPU
	EndGlobalSection
	GlobalSection(SolutionProperties) = preSolution
		HideSolutionNode = FALSE
	EndGlobalSection
	GlobalSection(ExtensibilityGlobals) = postSolution
		SolutionGuid = {FD301B4B-7BD9-40AB-B1B4-77C4645A28A1}
	EndGlobalSection
EndGlobal
